
Microsoft Visual Studio Solution File, Format Version 12.00
# Visual Studio Version 17
VisualStudioVersion = 17.14.36623.8 d17.14
MinimumVisualStudioVersion = 10.0.40219.1
Project("{54A90642-561A-4BB1-A94E-469ADEE60C69}") = "dap.client", "dap.client\dap.client.esproj", "{AA2A822F-A667-B81D-1382-85E0900132CE}"
EndProject
Project("{FAE04EC0-301F-11D3-BF4B-00C04F79EFBC}") = "DAP.Server", "DAP.Server\DAP.Server.csproj", "{B80A3ADD-4F72-455E-BEF3-8A4B51DFCA7F}"
EndProject
Global
	GlobalSection(SolutionConfigurationPlatforms) = preSolution
		Debug|Any CPU = Debug|Any CPU
		Release|Any CPU = Release|Any CPU
	EndGlobalSection
	GlobalSection(ProjectConfigurationPlatforms) = postSolution
		{AA2A822F-A667-B81D-1382-85E0900132CE}.Debug|Any CPU.ActiveCfg = Debug|Any CPU
		{AA2A822F-A667-B81D-1382-85E0900132CE}.Debug|Any CPU.Build.0 = Debug|Any CPU
		{AA2A822F-A667-B81D-1382-85E0900132CE}.Debug|Any CPU.Deploy.0 = Debug|Any CPU
		{AA2A822F-A667-B81D-1382-85E0900132CE}.Release|Any CPU.ActiveCfg = Release|Any CPU
		{AA2A822F-A667-B81D-1382-85E0900132CE}.Release|Any CPU.Build.0 = Release|Any CPU
		{AA2A822F-A667-B81D-1382-85E0900132CE}.Release|Any CPU.Deploy.0 = Release|Any CPU
		{B80A3ADD-4F72-455E-BEF3-8A4B51DFCA7F}.Debug|Any CPU.ActiveCfg = Debug|Any CPU
		{B80A3ADD-4F72-455E-BEF3-8A4B51DFCA7F}.Debug|Any CPU.Build.0 = Debug|Any CPU
		{B80A3ADD-4F72-455E-BEF3-8A4B51DFCA7F}.Release|Any CPU.ActiveCfg = Release|Any CPU
		{B80A3ADD-4F72-455E-BEF3-8A4B51DFCA7F}.Release|Any CPU.Build.0 = Release|Any CPU
	EndGlobalSection
	GlobalSection(SolutionProperties) = preSolution
		HideSolutionNode = FALSE
	EndGlobalSection
	GlobalSection(ExtensibilityGlobals) = postSolution
		SolutionGuid = {9113E906-0275-4AE1-872C-49BF405DC6B1}
	EndGlobalSection
EndGlobal
